
Microsoft Visual Studio Solution File, Format Version 12.00
# Visual Studio Version 16
VisualStudioVersion = 16.0.30413.136
MinimumVisualStudioVersion = 10.0.40219.1
Project("{9A19103F-16F7-4668-BE54-9A1E7A4F7556}") = "EmployeeManagement", "EmployeeManagement\EmployeeManagement.csproj", "{B4853340-8255-4940-9E62-121334287FCA}"
EndProject
Global
	GlobalSection(SolutionConfigurationPlatforms) = preSolution
		Debug|Any CPU = Debug|Any CPU
		Release|Any CPU = Release|Any CPU
	EndGlobalSection
	GlobalSection(ProjectConfigurationPlatforms) = postSolution
		{B4853340-8255-4940-9E62-121334287FCA}.Debug|Any CPU.ActiveCfg = Debug|Any CPU
		{B4853340-8255-4940-9E62-121334287FCA}.Debug|Any CPU.Build.0 = Debug|Any CPU
		{B4853340-8255-4940-9E62-121334287FCA}.Release|Any CPU.ActiveCfg = Release|Any CPU
		{B4853340-8255-4940-9E62-121334287FCA}.Release|Any CPU.Build.0 = Release|Any CPU
	EndGlobalSection
	GlobalSection(SolutionProperties) = preSolution
		HideSolutionNode = FALSE
	EndGlobalSection
	GlobalSection(ExtensibilityGlobals) = postSolution
		SolutionGuid = {EA3D718C-2C18-4065-9233-B202ADAA1E2A}
	EndGlobalSection
EndGlobal
